
Microsoft Visual Studio Solution File, Format Version 12.00
# Visual Studio Version 17
VisualStudioVersion = 17.2.32630.192
MinimumVisualStudioVersion = 10.0.40219.1
Project("{9A19103F-16F7-4668-BE54-9A1E7A4F7556}") = "TimeLog.Web", "TimeLog.Web\TimeLog.Web.csproj", "{A382880B-C481-4756-8835-D604702EF4D8}"
EndProject
Project("{FAE04EC0-301F-11D3-BF4B-00C04F79EFBC}") = "TimeLog.DAL", "TimeLog.DAL\TimeLog.DAL.csproj", "{FE715924-483B-4256-8021-C90065CB5F50}"
EndProject
Project("{FAE04EC0-301F-11D3-BF4B-00C04F79EFBC}") = "TimeLog.Business", "TimeLog.Business\TimeLog.Business.csproj", "{802C1C91-04D0-4910-80EC-5DE84CF9F591}"
EndProject
Project("{FAE04EC0-301F-11D3-BF4B-00C04F79EFBC}") = "TimeLog.Test", "TimeLog.Test\TimeLog.Test.csproj", "{7EA9E4BC-FE4C-4EB0-9453-76C4B4827F9B}"
EndProject
Global
	GlobalSection(SolutionConfigurationPlatforms) = preSolution
		Debug|Any CPU = Debug|Any CPU
		Release|Any CPU = Release|Any CPU
	EndGlobalSection
	GlobalSection(ProjectConfigurationPlatforms) = postSolution
		{A382880B-C481-4756-8835-D604702EF4D8}.Debug|Any CPU.ActiveCfg = Debug|Any CPU
		{A382880B-C481-4756-8835-D604702EF4D8}.Debug|Any CPU.Build.0 = Debug|Any CPU
		{A382880B-C481-4756-8835-D604702EF4D8}.Release|Any CPU.ActiveCfg = Release|Any CPU
		{A382880B-C481-4756-8835-D604702EF4D8}.Release|Any CPU.Build.0 = Release|Any CPU
		{FE715924-483B-4256-8021-C90065CB5F50}.Debug|Any CPU.ActiveCfg = Debug|Any CPU
		{FE715924-483B-4256-8021-C90065CB5F50}.Debug|Any CPU.Build.0 = Debug|Any CPU
		{FE715924-483B-4256-8021-C90065CB5F50}.Release|Any CPU.ActiveCfg = Release|Any CPU
		{FE715924-483B-4256-8021-C90065CB5F50}.Release|Any CPU.Build.0 = Release|Any CPU
		{802C1C91-04D0-4910-80EC-5DE84CF9F591}.Debug|Any CPU.ActiveCfg = Debug|Any CPU
		{802C1C91-04D0-4910-80EC-5DE84CF9F591}.Debug|Any CPU.Build.0 = Debug|Any CPU
		{802C1C91-04D0-4910-80EC-5DE84CF9F591}.Release|Any CPU.ActiveCfg = Release|Any CPU
		{802C1C91-04D0-4910-80EC-5DE84CF9F591}.Release|Any CPU.Build.0 = Release|Any CPU
		{7EA9E4BC-FE4C-4EB0-9453-76C4B4827F9B}.Debug|Any CPU.ActiveCfg = Debug|Any CPU
		{7EA9E4BC-FE4C-4EB0-9453-76C4B4827F9B}.Debug|Any CPU.Build.0 = Debug|Any CPU
		{7EA9E4BC-FE4C-4EB0-9453-76C4B4827F9B}.Release|Any CPU.ActiveCfg = Release|Any CPU
		{7EA9E4BC-FE4C-4EB0-9453-76C4B4827F9B}.Release|Any CPU.Build.0 = Release|Any CPU
	EndGlobalSection
	GlobalSection(SolutionProperties) = preSolution
		HideSolutionNode = FALSE
	EndGlobalSection
	GlobalSection(ExtensibilityGlobals) = postSolution
		SolutionGuid = {1B4F820A-BCEE-4CAC-A749-3C9847BEED3D}
	EndGlobalSection
EndGlobal
